
Microsoft Visual Studio Solution File, Format Version 12.00
# Visual Studio Version 16
VisualStudioVersion = 16.0.29503.13
MinimumVisualStudioVersion = 10.0.40219.1
Project("{9A19103F-16F7-4668-BE54-9A1E7A4F7556}") = "PhotoGallery.Web", "PhotoGallery.Web\PhotoGallery.Web.csproj", "{B617A2D9-0779-4A70-A72E-0467CEBCA174}"
EndProject
Project("{9A19103F-16F7-4668-BE54-9A1E7A4F7556}") = "PhotoGallery.Data", "PhotoGallery.Data\PhotoGallery.Data.csproj", "{8F0D0F85-B2BA-404D-9476-CD27F5C7BEE3}"
EndProject
Project("{9A19103F-16F7-4668-BE54-9A1E7A4F7556}") = "PhotoGallery.Dto", "PhotoGallery.Dto\PhotoGallery.Dto.csproj", "{580AB0B8-CB23-4F33-857F-F7A137F8BD90}"
EndProject
Project("{9A19103F-16F7-4668-BE54-9A1E7A4F7556}") = "PhotoGallery.Api", "PhotoGallery.Api\PhotoGallery.Api.csproj", "{5D4857F9-A5DA-4221-83B7-5232DA46AAF7}"
EndProject
Project("{9A19103F-16F7-4668-BE54-9A1E7A4F7556}") = "OIDC.IdentityServer", "OIDC.IdentityServer\OIDC.IdentityServer.csproj", "{117ABC2A-1865-42F9-8B83-A180C9F3445E}"
EndProject
Project("{2150E333-8FDC-42A3-9474-1A3956D46DE8}") = "Solution Items", "Solution Items", "{BE0DFB9B-F69C-44EA-8B47-E13BD90BB8DC}"
	ProjectSection(SolutionItems) = preProject
		Metadata.txt = Metadata.txt
	EndProjectSection
EndProject
Global
	GlobalSection(SolutionConfigurationPlatforms) = preSolution
		Debug|Any CPU = Debug|Any CPU
		Release|Any CPU = Release|Any CPU
	EndGlobalSection
	GlobalSection(ProjectConfigurationPlatforms) = postSolution
		{B617A2D9-0779-4A70-A72E-0467CEBCA174}.Debug|Any CPU.ActiveCfg = Debug|Any CPU
		{B617A2D9-0779-4A70-A72E-0467CEBCA174}.Debug|Any CPU.Build.0 = Debug|Any CPU
		{B617A2D9-0779-4A70-A72E-0467CEBCA174}.Release|Any CPU.ActiveCfg = Release|Any CPU
		{B617A2D9-0779-4A70-A72E-0467CEBCA174}.Release|Any CPU.Build.0 = Release|Any CPU
		{8F0D0F85-B2BA-404D-9476-CD27F5C7BEE3}.Debug|Any CPU.ActiveCfg = Debug|Any CPU
		{8F0D0F85-B2BA-404D-9476-CD27F5C7BEE3}.Debug|Any CPU.Build.0 = Debug|Any CPU
		{8F0D0F85-B2BA-404D-9476-CD27F5C7BEE3}.Release|Any CPU.ActiveCfg = Release|Any CPU
		{8F0D0F85-B2BA-404D-9476-CD27F5C7BEE3}.Release|Any CPU.Build.0 = Release|Any CPU
		{580AB0B8-CB23-4F33-857F-F7A137F8BD90}.Debug|Any CPU.ActiveCfg = Debug|Any CPU
		{580AB0B8-CB23-4F33-857F-F7A137F8BD90}.Debug|Any CPU.Build.0 = Debug|Any CPU
		{580AB0B8-CB23-4F33-857F-F7A137F8BD90}.Release|Any CPU.ActiveCfg = Release|Any CPU
		{580AB0B8-CB23-4F33-857F-F7A137F8BD90}.Release|Any CPU.Build.0 = Release|Any CPU
		{5D4857F9-A5DA-4221-83B7-5232DA46AAF7}.Debug|Any CPU.ActiveCfg = Debug|Any CPU
		{5D4857F9-A5DA-4221-83B7-5232DA46AAF7}.Debug|Any CPU.Build.0 = Debug|Any CPU
		{5D4857F9-A5DA-4221-83B7-5232DA46AAF7}.Release|Any CPU.ActiveCfg = Release|Any CPU
		{5D4857F9-A5DA-4221-83B7-5232DA46AAF7}.Release|Any CPU.Build.0 = Release|Any CPU
		{117ABC2A-1865-42F9-8B83-A180C9F3445E}.Debug|Any CPU.ActiveCfg = Debug|Any CPU
		{117ABC2A-1865-42F9-8B83-A180C9F3445E}.Debug|Any CPU.Build.0 = Debug|Any CPU
		{117ABC2A-1865-42F9-8B83-A180C9F3445E}.Release|Any CPU.ActiveCfg = Release|Any CPU
		{117ABC2A-1865-42F9-8B83-A180C9F3445E}.Release|Any CPU.Build.0 = Release|Any CPU
	EndGlobalSection
	GlobalSection(SolutionProperties) = preSolution
		HideSolutionNode = FALSE
	EndGlobalSection
	GlobalSection(ExtensibilityGlobals) = postSolution
		SolutionGuid = {7EDFDA86-002A-4D92-81AF-D7D94C010464}
	EndGlobalSection
EndGlobal
